
Microsoft Visual Studio Solution File, Format Version 12.00
# Visual Studio 15
VisualStudioVersion = 15.0.26730.16
MinimumVisualStudioVersion = 10.0.40219.1
Project("{FAE04EC0-301F-11D3-BF4B-00C04F79EFBC}") = "REST_PrivateProject", "REST_PrivateProject\REST_PrivateProject.csproj", "{40F66F74-A143-4E47-846A-361B96470A58}"
EndProject
Global
	GlobalSection(SolutionConfigurationPlatforms) = preSolution
		Debug|Any CPU = Debug|Any CPU
		Release|Any CPU = Release|Any CPU
	EndGlobalSection
	GlobalSection(ProjectConfigurationPlatforms) = postSolution
		{40F66F74-A143-4E47-846A-361B96470A58}.Debug|Any CPU.ActiveCfg = Debug|Any CPU
		{40F66F74-A143-4E47-846A-361B96470A58}.Debug|Any CPU.Build.0 = Debug|Any CPU
		{40F66F74-A143-4E47-846A-361B96470A58}.Release|Any CPU.ActiveCfg = Release|Any CPU
		{40F66F74-A143-4E47-846A-361B96470A58}.Release|Any CPU.Build.0 = Release|Any CPU
	EndGlobalSection
	GlobalSection(SolutionProperties) = preSolution
		HideSolutionNode = FALSE
	EndGlobalSection
	GlobalSection(ExtensibilityGlobals) = postSolution
		SolutionGuid = {9602A79F-60C9-4027-86A4-0FCE585B91F1}
	EndGlobalSection
EndGlobal
